<Solution>
  <Project Path="Incant/Incant.csproj" />
  <Folder Name="/Legacy/">
    <Project Path="Legacy/SB/SB.csproj" />
    <Project Path="Legacy/SB/SB.Base/SB.Base.csproj" />
    <Project Path="Legacy/SB/SB.Core/SB.Core.csproj" />
    <Project Path="Legacy/SB/SB.Engine/SB.Engine.csproj" />
    <Project Path="Legacy/SB/SB.SourceGenerator/SB.SourceGenerator.csproj" />
  </Folder>
</Solution>
