<Solution>
  <Folder Name="/Source/">
    <Project Path="Source/Incant.CXLegacy.Arguments.Generator/Incant.CXLegacy.Arguments.Generator.csproj" />
    <Project Path="Source/Incant.Base/Incant.Base.csproj" />
    <Project Path="Source/Incant.CX/Incant.CX.csproj" />
    <Project Path="Source/Incant.CXLegacy/Incant.CXLegacy.csproj" />
    <Project Path="Source/Incant/Incant.csproj" />
  </Folder>
  <Folder Name="/Benchmark/">
    <Project Path="Benchmark/Incant.Bench.Deps/Incant.Bench.Deps.csproj" />
    <Project Path="Benchmark/Incant.Bench.Log/Incant.Bench.Log.csproj" />
    <Project Path="Benchmark/Incant.Bench.Trace/Incant.Bench.Trace.csproj" />
  </Folder>
  <Folder Name="/Samples/">
    <Project Path="Samples/Incant.Log.Sample/Incant.Log.Sample.csproj" />
    <Project Path="Samples/Incant.Trace.Sample/Incant.Trace.Sample.csproj" />
  </Folder>
  <Folder Name="/Tests/">
    <Project Path="Tests/Incant.AutoTest.CXLegacyToolchain/Incant.AutoTest.CXLegacyToolchain.csproj" />
    <Project Path="Tests/Incant.AutoTest.CXLegacyToolchain.Setup/Incant.AutoTest.CXLegacyToolchain.Setup.csproj" />
    <Project Path="Tests/Incant.AutoTest.CXLegacyToolchain.Shared/Incant.AutoTest.CXLegacyToolchain.Shared.csproj" />
    <Project Path="Tests/Incant.ProcessTestHelper/Incant.ProcessTestHelper.csproj" />
    <Project Path="Tests/Incant.UnitTest.Base/Incant.UnitTest.Base.csproj" />
    <Project Path="Tests/Incant.UnitTest.CXLegacy/Incant.UnitTest.CXLegacy.csproj" />
  </Folder>
</Solution>
